
Microsoft Visual Studio Solution File, Format Version 12.00
# Visual Studio Version 16
VisualStudioVersion = 16.0.30907.101
MinimumVisualStudioVersion = 10.0.40219.1
Project("{FAE04EC0-301F-11D3-BF4B-00C04F79EFBC}") = "PruebaP", "PruebaP\PruebaP.csproj", "{D7446412-38B4-44E8-8F68-12EB7AA0C799}"
EndProject
Global
	GlobalSection(SolutionConfigurationPlatforms) = preSolution
		Debug|Any CPU = Debug|Any CPU
		Release|Any CPU = Release|Any CPU
	EndGlobalSection
	GlobalSection(ProjectConfigurationPlatforms) = postSolution
		{D7446412-38B4-44E8-8F68-12EB7AA0C799}.Debug|Any CPU.ActiveCfg = Debug|Any CPU
		{D7446412-38B4-44E8-8F68-12EB7AA0C799}.Debug|Any CPU.Build.0 = Debug|Any CPU
		{D7446412-38B4-44E8-8F68-12EB7AA0C799}.Release|Any CPU.ActiveCfg = Release|Any CPU
		{D7446412-38B4-44E8-8F68-12EB7AA0C799}.Release|Any CPU.Build.0 = Release|Any CPU
	EndGlobalSection
	GlobalSection(SolutionProperties) = preSolution
		HideSolutionNode = FALSE
	EndGlobalSection
	GlobalSection(ExtensibilityGlobals) = postSolution
		SolutionGuid = {76386BBF-4B4F-4319-A18D-7D5B53995D41}
	EndGlobalSection
EndGlobal
